
Microsoft Visual Studio Solution File, Format Version 12.00
# Visual Studio Version 16
VisualStudioVersion = 16.0.31321.278
MinimumVisualStudioVersion = 10.0.40219.1
Project("{FAE04EC0-301F-11D3-BF4B-00C04F79EFBC}") = "WebApi", "WebApi\WebApi.csproj", "{9FF43FB5-F947-4EBD-A6C3-9AA6883AEB32}"
EndProject
Global
	GlobalSection(SolutionConfigurationPlatforms) = preSolution
		Debug|Any CPU = Debug|Any CPU
		Release|Any CPU = Release|Any CPU
	EndGlobalSection
	GlobalSection(ProjectConfigurationPlatforms) = postSolution
		{9FF43FB5-F947-4EBD-A6C3-9AA6883AEB32}.Debug|Any CPU.ActiveCfg = Debug|Any CPU
		{9FF43FB5-F947-4EBD-A6C3-9AA6883AEB32}.Debug|Any CPU.Build.0 = Debug|Any CPU
		{9FF43FB5-F947-4EBD-A6C3-9AA6883AEB32}.Release|Any CPU.ActiveCfg = Release|Any CPU
		{9FF43FB5-F947-4EBD-A6C3-9AA6883AEB32}.Release|Any CPU.Build.0 = Release|Any CPU
	EndGlobalSection
	GlobalSection(SolutionProperties) = preSolution
		HideSolutionNode = FALSE
	EndGlobalSection
	GlobalSection(ExtensibilityGlobals) = postSolution
		SolutionGuid = {ADF918C7-D059-44F1-95BB-9A53D5D02C6C}
	EndGlobalSection
EndGlobal
